
Microsoft Visual Studio Solution File, Format Version 12.00
# Visual Studio Version 16
VisualStudioVersion = 16.0.31911.196
MinimumVisualStudioVersion = 10.0.40219.1
Project("{9A19103F-16F7-4668-BE54-9A1E7A4F7556}") = "AtivSem02", "AtivSem02\AtivSem02.csproj", "{7516779B-BF69-4DDD-8C25-2E2898794F31}"
EndProject
Project("{FAE04EC0-301F-11D3-BF4B-00C04F79EFBC}") = "DataBaseFirst01", "DataBaseFirst01\DataBaseFirst01.csproj", "{0C6ED086-C032-4CD3-A5AF-EF474ACB4747}"
EndProject
Global
	GlobalSection(SolutionConfigurationPlatforms) = preSolution
		Debug|Any CPU = Debug|Any CPU
		Release|Any CPU = Release|Any CPU
	EndGlobalSection
	GlobalSection(ProjectConfigurationPlatforms) = postSolution
		{7516779B-BF69-4DDD-8C25-2E2898794F31}.Debug|Any CPU.ActiveCfg = Debug|Any CPU
		{7516779B-BF69-4DDD-8C25-2E2898794F31}.Debug|Any CPU.Build.0 = Debug|Any CPU
		{7516779B-BF69-4DDD-8C25-2E2898794F31}.Release|Any CPU.ActiveCfg = Release|Any CPU
		{7516779B-BF69-4DDD-8C25-2E2898794F31}.Release|Any CPU.Build.0 = Release|Any CPU
		{0C6ED086-C032-4CD3-A5AF-EF474ACB4747}.Debug|Any CPU.ActiveCfg = Debug|Any CPU
		{0C6ED086-C032-4CD3-A5AF-EF474ACB4747}.Debug|Any CPU.Build.0 = Debug|Any CPU
		{0C6ED086-C032-4CD3-A5AF-EF474ACB4747}.Release|Any CPU.ActiveCfg = Release|Any CPU
		{0C6ED086-C032-4CD3-A5AF-EF474ACB4747}.Release|Any CPU.Build.0 = Release|Any CPU
	EndGlobalSection
	GlobalSection(SolutionProperties) = preSolution
		HideSolutionNode = FALSE
	EndGlobalSection
	GlobalSection(ExtensibilityGlobals) = postSolution
		SolutionGuid = {C596B956-ACF1-4869-9783-3FE8E93EE998}
	EndGlobalSection
EndGlobal
